
Microsoft Visual Studio Solution File, Format Version 12.00
# Visual Studio Version 16
VisualStudioVersion = 16.0.32510.428
MinimumVisualStudioVersion = 10.0.40219.1
Project("{FAE04EC0-301F-11D3-BF4B-00C04F79EFBC}") = "Pagination", "Pagination\Pagination.csproj", "{6A59E7D2-7E32-44AE-A27D-A76C1787FF38}"
EndProject
Global
	GlobalSection(SolutionConfigurationPlatforms) = preSolution
		Debug|Any CPU = Debug|Any CPU
		Release|Any CPU = Release|Any CPU
	EndGlobalSection
	GlobalSection(ProjectConfigurationPlatforms) = postSolution
		{6A59E7D2-7E32-44AE-A27D-A76C1787FF38}.Debug|Any CPU.ActiveCfg = Debug|Any CPU
		{6A59E7D2-7E32-44AE-A27D-A76C1787FF38}.Debug|Any CPU.Build.0 = Debug|Any CPU
		{6A59E7D2-7E32-44AE-A27D-A76C1787FF38}.Release|Any CPU.ActiveCfg = Release|Any CPU
		{6A59E7D2-7E32-44AE-A27D-A76C1787FF38}.Release|Any CPU.Build.0 = Release|Any CPU
	EndGlobalSection
	GlobalSection(SolutionProperties) = preSolution
		HideSolutionNode = FALSE
	EndGlobalSection
	GlobalSection(ExtensibilityGlobals) = postSolution
		SolutionGuid = {7FF33E37-543E-443D-9C9F-4FACDF72B7CF}
	EndGlobalSection
EndGlobal
